
Microsoft Visual Studio Solution File, Format Version 12.00
# Visual Studio Version 17
VisualStudioVersion = 17.4.33205.214
MinimumVisualStudioVersion = 10.0.40219.1
Project("{8BC9CEB8-8B4A-11D0-8D11-00A0C91BC942}") = "10.1 Generic Algorithm Overview", "10.1 Generic Algorithm Overview\10.1 Generic Algorithm Overview.vcxproj", "{431160A2-BCC5-4BEE-8530-998148744AF1}"
EndProject
Project("{8BC9CEB8-8B4A-11D0-8D11-00A0C91BC942}") = "10.2 A First Look at Algorithms", "A First Look at Algorithms\A First Look at Algorithms.vcxproj", "{F8AF4C45-472A-496A-A0C8-78E21B304460}"
EndProject
Project("{8BC9CEB8-8B4A-11D0-8D11-00A0C91BC942}") = "10.3 Customizing Operations", "10.3 Customizing Operations\10.3 Customizing Operations.vcxproj", "{B9D19D2A-8426-4413-BBD7-A59940B422B1}"
EndProject
Project("{8BC9CEB8-8B4A-11D0-8D11-00A0C91BC942}") = "10.3.2 Lambda Expressions", "10.3.2 Lambda Expressions\10.3.2 Lambda Expressions.vcxproj", "{7E4F4356-CC0F-4C9A-8CB1-27D24AE20420}"
EndProject
Project("{8BC9CEB8-8B4A-11D0-8D11-00A0C91BC942}") = "10.4 Revisiting Iterators", "10.3.4 Revisiting Iterators\10.3.4 Revisiting Iterators.vcxproj", "{AB353657-C32B-487D-A220-3E4DA8707D32}"
EndProject
Project("{8BC9CEB8-8B4A-11D0-8D11-00A0C91BC942}") = "10.6 Specified Container Algorithm", "10.6 Specified Container Algorithm\10.6 Specified Container Algorithm.vcxproj", "{33EDF1D8-A549-43EF-A9F5-7DB5765F57ED}"
EndProject
Project("{8BC9CEB8-8B4A-11D0-8D11-00A0C91BC942}") = "10.5 Structure of Generic Algorithms", "10.5 Structure of Generic Algorithms\10.5 Structure of Generic Algorithms.vcxproj", "{7D6CDDFA-FF22-4342-94E4-FB293F7C57D2}"
EndProject
Project("{8BC9CEB8-8B4A-11D0-8D11-00A0C91BC942}") = "11.1 Using an Associative Container", "11.1 Using an Associative Container\11.1 Using an Associative Container.vcxproj", "{10E83D47-51AF-4917-B5D0-72F1F8BC4DF1}"
EndProject
Project("{8BC9CEB8-8B4A-11D0-8D11-00A0C91BC942}") = "11.2 Overview of the Associative Containers", "11.2 Overview of the Associative Containers\11.2 Overview of the Associative Containers.vcxproj", "{AC9F8B47-B0A2-412C-89A9-8DC26FBDA130}"
EndProject
Project("{8BC9CEB8-8B4A-11D0-8D11-00A0C91BC942}") = "11.3 Operations on Associative Contaienrs", "11.3 Operations on Associative Contaienrs\11.3 Operations on Associative Contaienrs.vcxproj", "{BF8751C5-82D7-41D6-9E25-0230A2CAD844}"
EndProject
Global
	GlobalSection(SolutionConfigurationPlatforms) = preSolution
		Debug|x64 = Debug|x64
		Debug|x86 = Debug|x86
		Release|x64 = Release|x64
		Release|x86 = Release|x86
	EndGlobalSection
	GlobalSection(ProjectConfigurationPlatforms) = postSolution
		{431160A2-BCC5-4BEE-8530-998148744AF1}.Debug|x64.ActiveCfg = Debug|x64
		{431160A2-BCC5-4BEE-8530-998148744AF1}.Debug|x64.Build.0 = Debug|x64
		{431160A2-BCC5-4BEE-8530-998148744AF1}.Debug|x86.ActiveCfg = Debug|Win32
		{431160A2-BCC5-4BEE-8530-998148744AF1}.Debug|x86.Build.0 = Debug|Win32
		{431160A2-BCC5-4BEE-8530-998148744AF1}.Release|x64.ActiveCfg = Release|x64
		{431160A2-BCC5-4BEE-8530-998148744AF1}.Release|x64.Build.0 = Release|x64
		{431160A2-BCC5-4BEE-8530-998148744AF1}.Release|x86.ActiveCfg = Release|Win32
		{431160A2-BCC5-4BEE-8530-998148744AF1}.Release|x86.Build.0 = Release|Win32
		{F8AF4C45-472A-496A-A0C8-78E21B304460}.Debug|x64.ActiveCfg = Debug|x64
		{F8AF4C45-472A-496A-A0C8-78E21B304460}.Debug|x64.Build.0 = Debug|x64
		{F8AF4C45-472A-496A-A0C8-78E21B304460}.Debug|x86.ActiveCfg = Debug|Win32
		{F8AF4C45-472A-496A-A0C8-78E21B304460}.Debug|x86.Build.0 = Debug|Win32
		{F8AF4C45-472A-496A-A0C8-78E21B304460}.Release|x64.ActiveCfg = Release|x64
		{F8AF4C45-472A-496A-A0C8-78E21B304460}.Release|x64.Build.0 = Release|x64
		{F8AF4C45-472A-496A-A0C8-78E21B304460}.Release|x86.ActiveCfg = Release|Win32
		{F8AF4C45-472A-496A-A0C8-78E21B304460}.Release|x86.Build.0 = Release|Win32
		{B9D19D2A-8426-4413-BBD7-A59940B422B1}.Debug|x64.ActiveCfg = Debug|x64
		{B9D19D2A-8426-4413-BBD7-A59940B422B1}.Debug|x64.Build.0 = Debug|x64
		{B9D19D2A-8426-4413-BBD7-A59940B422B1}.Debug|x86.ActiveCfg = Debug|Win32
		{B9D19D2A-8426-4413-BBD7-A59940B422B1}.Debug|x86.Build.0 = Debug|Win32
		{B9D19D2A-8426-4413-BBD7-A59940B422B1}.Release|x64.ActiveCfg = Release|x64
		{B9D19D2A-8426-4413-BBD7-A59940B422B1}.Release|x64.Build.0 = Release|x64
		{B9D19D2A-8426-4413-BBD7-A59940B422B1}.Release|x86.ActiveCfg = Release|Win32
		{B9D19D2A-8426-4413-BBD7-A59940B422B1}.Release|x86.Build.0 = Release|Win32
		{7E4F4356-CC0F-4C9A-8CB1-27D24AE20420}.Debug|x64.ActiveCfg = Debug|x64
		{7E4F4356-CC0F-4C9A-8CB1-27D24AE20420}.Debug|x64.Build.0 = Debug|x64
		{7E4F4356-CC0F-4C9A-8CB1-27D24AE20420}.Debug|x86.ActiveCfg = Debug|Win32
		{7E4F4356-CC0F-4C9A-8CB1-27D24AE20420}.Debug|x86.Build.0 = Debug|Win32
		{7E4F4356-CC0F-4C9A-8CB1-27D24AE20420}.Release|x64.ActiveCfg = Release|x64
		{7E4F4356-CC0F-4C9A-8CB1-27D24AE20420}.Release|x64.Build.0 = Release|x64
		{7E4F4356-CC0F-4C9A-8CB1-27D24AE20420}.Release|x86.ActiveCfg = Release|Win32
		{7E4F4356-CC0F-4C9A-8CB1-27D24AE20420}.Release|x86.Build.0 = Release|Win32
		{AB353657-C32B-487D-A220-3E4DA8707D32}.Debug|x64.ActiveCfg = Debug|x64
		{AB353657-C32B-487D-A220-3E4DA8707D32}.Debug|x64.Build.0 = Debug|x64
		{AB353657-C32B-487D-A220-3E4DA8707D32}.Debug|x86.ActiveCfg = Debug|Win32
		{AB353657-C32B-487D-A220-3E4DA8707D32}.Debug|x86.Build.0 = Debug|Win32
		{AB353657-C32B-487D-A220-3E4DA8707D32}.Release|x64.ActiveCfg = Release|x64
		{AB353657-C32B-487D-A220-3E4DA8707D32}.Release|x64.Build.0 = Release|x64
		{AB353657-C32B-487D-A220-3E4DA8707D32}.Release|x86.ActiveCfg = Release|Win32
		{AB353657-C32B-487D-A220-3E4DA8707D32}.Release|x86.Build.0 = Release|Win32
		{33EDF1D8-A549-43EF-A9F5-7DB5765F57ED}.Debug|x64.ActiveCfg = Debug|x64
		{33EDF1D8-A549-43EF-A9F5-7DB5765F57ED}.Debug|x64.Build.0 = Debug|x64
		{33EDF1D8-A549-43EF-A9F5-7DB5765F57ED}.Debug|x86.ActiveCfg = Debug|Win32
		{33EDF1D8-A549-43EF-A9F5-7DB5765F57ED}.Debug|x86.Build.0 = Debug|Win32
		{33EDF1D8-A549-43EF-A9F5-7DB5765F57ED}.Release|x64.ActiveCfg = Release|x64
		{33EDF1D8-A549-43EF-A9F5-7DB5765F57ED}.Release|x64.Build.0 = Release|x64
		{33EDF1D8-A549-43EF-A9F5-7DB5765F57ED}.Release|x86.ActiveCfg = Release|Win32
		{33EDF1D8-A549-43EF-A9F5-7DB5765F57ED}.Release|x86.Build.0 = Release|Win32
		{7D6CDDFA-FF22-4342-94E4-FB293F7C57D2}.Debug|x64.ActiveCfg = Debug|x64
		{7D6CDDFA-FF22-4342-94E4-FB293F7C57D2}.Debug|x64.Build.0 = Debug|x64
		{7D6CDDFA-FF22-4342-94E4-FB293F7C57D2}.Debug|x86.ActiveCfg = Debug|Win32
		{7D6CDDFA-FF22-4342-94E4-FB293F7C57D2}.Debug|x86.Build.0 = Debug|Win32
		{7D6CDDFA-FF22-4342-94E4-FB293F7C57D2}.Release|x64.ActiveCfg = Release|x64
		{7D6CDDFA-FF22-4342-94E4-FB293F7C57D2}.Release|x64.Build.0 = Release|x64
		{7D6CDDFA-FF22-4342-94E4-FB293F7C57D2}.Release|x86.ActiveCfg = Release|Win32
		{7D6CDDFA-FF22-4342-94E4-FB293F7C57D2}.Release|x86.Build.0 = Release|Win32
		{10E83D47-51AF-4917-B5D0-72F1F8BC4DF1}.Debug|x64.ActiveCfg = Debug|x64
		{10E83D47-51AF-4917-B5D0-72F1F8BC4DF1}.Debug|x64.Build.0 = Debug|x64
		{10E83D47-51AF-4917-B5D0-72F1F8BC4DF1}.Debug|x86.ActiveCfg = Debug|Win32
		{10E83D47-51AF-4917-B5D0-72F1F8BC4DF1}.Debug|x86.Build.0 = Debug|Win32
		{10E83D47-51AF-4917-B5D0-72F1F8BC4DF1}.Release|x64.ActiveCfg = Release|x64
		{10E83D47-51AF-4917-B5D0-72F1F8BC4DF1}.Release|x64.Build.0 = Release|x64
		{10E83D47-51AF-4917-B5D0-72F1F8BC4DF1}.Release|x86.ActiveCfg = Release|Win32
		{10E83D47-51AF-4917-B5D0-72F1F8BC4DF1}.Release|x86.Build.0 = Release|Win32
		{AC9F8B47-B0A2-412C-89A9-8DC26FBDA130}.Debug|x64.ActiveCfg = Debug|x64
		{AC9F8B47-B0A2-412C-89A9-8DC26FBDA130}.Debug|x64.Build.0 = Debug|x64
		{AC9F8B47-B0A2-412C-89A9-8DC26FBDA130}.Debug|x86.ActiveCfg = Debug|Win32
		{AC9F8B47-B0A2-412C-89A9-8DC26FBDA130}.Debug|x86.Build.0 = Debug|Win32
		{AC9F8B47-B0A2-412C-89A9-8DC26FBDA130}.Release|x64.ActiveCfg = Release|x64
		{AC9F8B47-B0A2-412C-89A9-8DC26FBDA130}.Release|x64.Build.0 = Release|x64
		{AC9F8B47-B0A2-412C-89A9-8DC26FBDA130}.Release|x86.ActiveCfg = Release|Win32
		{AC9F8B47-B0A2-412C-89A9-8DC26FBDA130}.Release|x86.Build.0 = Release|Win32
		{BF8751C5-82D7-41D6-9E25-0230A2CAD844}.Debug|x64.ActiveCfg = Debug|x64
		{BF8751C5-82D7-41D6-9E25-0230A2CAD844}.Debug|x64.Build.0 = Debug|x64
		{BF8751C5-82D7-41D6-9E25-0230A2CAD844}.Debug|x86.ActiveCfg = Debug|Win32
		{BF8751C5-82D7-41D6-9E25-0230A2CAD844}.Debug|x86.Build.0 = Debug|Win32
		{BF8751C5-82D7-41D6-9E25-0230A2CAD844}.Release|x64.ActiveCfg = Release|x64
		{BF8751C5-82D7-41D6-9E25-0230A2CAD844}.Release|x64.Build.0 = Release|x64
		{BF8751C5-82D7-41D6-9E25-0230A2CAD844}.Release|x86.ActiveCfg = Release|Win32
		{BF8751C5-82D7-41D6-9E25-0230A2CAD844}.Release|x86.Build.0 = Release|Win32
	EndGlobalSection
	GlobalSection(SolutionProperties) = preSolution
		HideSolutionNode = FALSE
	EndGlobalSection
	GlobalSection(ExtensibilityGlobals) = postSolution
		SolutionGuid = {52303270-ACDF-4EA0-9922-060ACCB8A39C}
	EndGlobalSection
EndGlobal
