
Microsoft Visual Studio Solution File, Format Version 12.00
# Visual Studio Version 17
VisualStudioVersion = 17.4.33205.214
MinimumVisualStudioVersion = 10.0.40219.1
Project("{8BC9CEB8-8B4A-11D0-8D11-00A0C91BC942}") = "10.1 Generic Algorithm Overview", "10.1 Generic Algorithm Overview\10.1 Generic Algorithm Overview.vcxproj", "{431160A2-BCC5-4BEE-8530-998148744AF1}"
EndProject
Project("{8BC9CEB8-8B4A-11D0-8D11-00A0C91BC942}") = "10.2 A First Look at Algorithms", "A First Look at Algorithms\A First Look at Algorithms.vcxproj", "{F8AF4C45-472A-496A-A0C8-78E21B304460}"
EndProject
Project("{8BC9CEB8-8B4A-11D0-8D11-00A0C91BC942}") = "10.3 Customizing Operations", "10.3 Customizing Operations\10.3 Customizing Operations.vcxproj", "{B9D19D2A-8426-4413-BBD7-A59940B422B1}"
EndProject
Project("{8BC9CEB8-8B4A-11D0-8D11-00A0C91BC942}") = "10.3.2 Lambda Expressions", "10.3.2 Lambda Expressions\10.3.2 Lambda Expressions.vcxproj", "{7E4F4356-CC0F-4C9A-8CB1-27D24AE20420}"
EndProject
Project("{8BC9CEB8-8B4A-11D0-8D11-00A0C91BC942}") = "10.4 Revisiting Iterators", "10.3.4 Revisiting Iterators\10.3.4 Revisiting Iterators.vcxproj", "{AB353657-C32B-487D-A220-3E4DA8707D32}"
EndProject
Project("{8BC9CEB8-8B4A-11D0-8D11-00A0C91BC942}") = "10.6 Specified Container Algorithm", "10.6 Specified Container Algorithm\10.6 Specified Container Algorithm.vcxproj", "{33EDF1D8-A549-43EF-A9F5-7DB5765F57ED}"
EndProject
Project("{8BC9CEB8-8B4A-11D0-8D11-00A0C91BC942}") = "10.5 Structure of Generic Algorithms", "10.5 Structure of Generic Algorithms\10.5 Structure of Generic Algorithms.vcxproj", "{7D6CDDFA-FF22-4342-94E4-FB293F7C57D2}"
EndProject
Project("{8BC9CEB8-8B4A-11D0-8D11-00A0C91BC942}") = "11.1 Using an Associative Container", "11.1 Using an Associative Container\11.1 Using an Associative Container.vcxproj", "{10E83D47-51AF-4917-B5D0-72F1F8BC4DF1}"
EndProject
Project("{8BC9CEB8-8B4A-11D0-8D11-00A0C91BC942}") = "11.2 Overview of the Associative Containers", "11.2 Overview of the Associative Containers\11.2 Overview of the Associative Containers.vcxproj", "{AC9F8B47-B0A2-412C-89A9-8DC26FBDA130}"
EndProject
Project("{8BC9CEB8-8B4A-11D0-8D11-00A0C91BC942}") = "11.3 Operations on Associative Contaienrs", "11.3 Operations on Associative Contaienrs\11.3 Operations on Associative Contaienrs.vcxproj", "{BF8751C5-82D7-41D6-9E25-0230A2CAD844}"
EndProject
Project("{8BC9CEB8-8B4A-11D0-8D11-00A0C91BC942}") = "11.4 The Unordered Containers", "11.4 The Unordered Containers\11.4 The Unordered Containers.vcxproj", "{21A52DA6-2EED-47E7-A021-72780A6F5754}"
EndProject
Project("{8BC9CEB8-8B4A-11D0-8D11-00A0C91BC942}") = "12.1 Dynamic Memory and Smart Pointers", "12.1 Dynamic Memory and Smart Pointers\12.1 Dynamic Memory and Smart Pointers.vcxproj", "{715692A2-5381-4F90-9C8F-5A54349CEF32}"
EndProject
Project("{8BC9CEB8-8B4A-11D0-8D11-00A0C91BC942}") = "12.2 Dynamic Arrays", "12.2 Dynamic Arrays\12.2 Dynamic Arrays.vcxproj", "{59F4299C-A3A0-439F-9977-56000E6D67B2}"
EndProject
Project("{8BC9CEB8-8B4A-11D0-8D11-00A0C91BC942}") = "12.3 A Text-Query Program", "12.3 A Text-Query Program\12.3 A Text-Query Program.vcxproj", "{2F6476D2-4D1F-4470-9A82-8E8135883C95}"
EndProject
Project("{8BC9CEB8-8B4A-11D0-8D11-00A0C91BC942}") = "13.1 Copy, Assign, and Destroy", "13.1 Copy, Assign, and Destroy\13.1 Copy, Assign, and Destroy.vcxproj", "{11B1DF41-9B87-451A-A70A-33BA94A03216}"
EndProject
Project("{8BC9CEB8-8B4A-11D0-8D11-00A0C91BC942}") = "13.2 Copy Control and Resource Management", "13.2 Copy Control and Resource Management\13.2 Copy Control and Resource Management.vcxproj", "{10904456-8F52-4B68-9E97-D17E069BAF52}"
EndProject
Project("{8BC9CEB8-8B4A-11D0-8D11-00A0C91BC942}") = "13.3 Swap", "13.3 Swap\13.3 Swap.vcxproj", "{AB4E7590-8438-4249-83DF-166407219EBE}"
EndProject
Project("{8BC9CEB8-8B4A-11D0-8D11-00A0C91BC942}") = "13.4 A Copy-Control Example", "13.4 A Copy-Control Example\13.4 A Copy-Control Example.vcxproj", "{CDB0D764-7D49-4FBE-A78C-59D11F086973}"
EndProject
Project("{8BC9CEB8-8B4A-11D0-8D11-00A0C91BC942}") = "13.5 Classes That Manage Dynamic Memory", "Classes That Manage Dynamic Memory\Classes That Manage Dynamic Memory.vcxproj", "{41A947CB-5FCD-4915-9FAB-8FE14254EEE8}"
EndProject
Project("{8BC9CEB8-8B4A-11D0-8D11-00A0C91BC942}") = "13.6 Moving Objects", "13.6 Moving Objects\13.6 Moving Objects.vcxproj", "{AAE8EF31-0568-4E1D-8675-CE420BAD1C79}"
EndProject
Project("{8BC9CEB8-8B4A-11D0-8D11-00A0C91BC942}") = "14.1 Overloaded Operators' Basic Concepts", "14.1 Overloaded Operators' Basic Concepts\14.1 Overloaded Operators' Basic Concepts.vcxproj", "{763CE386-16D0-4AF5-8FAB-C02BAE94177B}"
EndProject
Project("{8BC9CEB8-8B4A-11D0-8D11-00A0C91BC942}") = "14.2-7 overloaded operators", "14.2 Input and Output Operators\14.2 Input and Output Operators.vcxproj", "{3DF53AB6-5227-47E2-81A1-D8FC06EBEC2D}"
EndProject
Project("{8BC9CEB8-8B4A-11D0-8D11-00A0C91BC942}") = "14.8 Function-Call Operator", "14.8 Function-Call Operator\14.8 Function-Call Operator.vcxproj", "{EC59252E-43CB-4094-9332-EBCBC9992806}"
EndProject
Project("{8BC9CEB8-8B4A-11D0-8D11-00A0C91BC942}") = "14.9 Overloading, Conversions, and Operators", "14.9 Overloading, Conversions, and Operators\14.9 Overloading, Conversions, and Operators.vcxproj", "{A184454E-24D7-477F-B0F3-B84CA0BC2572}"
EndProject
Project("{8BC9CEB8-8B4A-11D0-8D11-00A0C91BC942}") = "15.1 Object-oriented Programming An Overview", "15.1 Object-oriented Programming An Overview\15.1 Object-oriented Programming An Overview.vcxproj", "{5936A32F-59FF-467D-AD7E-E5525AA48049}"
EndProject
Project("{8BC9CEB8-8B4A-11D0-8D11-00A0C91BC942}") = "15.2 Defining Base and Derived Classes", "15.2 Defining Base and Derived Classes\15.2 Defining Base and Derived Classes.vcxproj", "{DB0DD229-A9FF-4D70-9A3E-EA4FA3CF4522}"
EndProject
Project("{8BC9CEB8-8B4A-11D0-8D11-00A0C91BC942}") = "15.3 Virtual Functions", "15.3 Virtual Functions\15.3 Virtual Functions.vcxproj", "{0DCF3CCF-8AF1-4613-B769-BB299217C66E}"
EndProject
Project("{8BC9CEB8-8B4A-11D0-8D11-00A0C91BC942}") = "15.4 Abstract Base Classes", "15.4 Abstract Base Classes\15.4 Abstract Base Classes.vcxproj", "{E092D354-B582-4702-8594-64FCFC972E19}"
EndProject
Project("{8BC9CEB8-8B4A-11D0-8D11-00A0C91BC942}") = "15.5 Access Control and Inheritance", "15.5 Access Control and Inheritance\15.5 Access Control and Inheritance.vcxproj", "{591FE46A-A2AC-4F11-B4A9-7573A9476AF3}"
EndProject
Project("{8BC9CEB8-8B4A-11D0-8D11-00A0C91BC942}") = "15.6 Class Scope under Inheritance", "Class Scope under Inheritance\Class Scope under Inheritance.vcxproj", "{08500859-2B76-4AA6-934D-20A781CDA952}"
EndProject
Project("{8BC9CEB8-8B4A-11D0-8D11-00A0C91BC942}") = "15.7 Constructors and Copy Control", "10.7 Constructors and Copy Control\10.7 Constructors and Copy Control.vcxproj", "{DCC17E2C-22F7-4813-888D-919EB73E1119}"
EndProject
Project("{8BC9CEB8-8B4A-11D0-8D11-00A0C91BC942}") = "15.8 Containers and Inheritance", "15.8 Containers and Inheritance\15.8 Containers and Inheritance.vcxproj", "{DB03CB89-E3F1-4455-9DF2-1310C532B829}"
EndProject
Project("{8BC9CEB8-8B4A-11D0-8D11-00A0C91BC942}") = "15.9 Text Queries Revisited", "15.9 Text Queries Revisited\15.9 Text Queries Revisited.vcxproj", "{D3537A45-675D-4E7A-B138-5BCF43559F10}"
EndProject
Project("{8BC9CEB8-8B4A-11D0-8D11-00A0C91BC942}") = "16.1 Defining a Template", "16.1 Defining a Template\16.1 Defining a Template.vcxproj", "{D44EDFF7-5FCC-430D-9ADA-1BBB84271671}"
EndProject
Project("{8BC9CEB8-8B4A-11D0-8D11-00A0C91BC942}") = "16.2 Template Argument Deduction", "16.2 Template Argument Deduction\16.2 Template Argument Deduction.vcxproj", "{3E894C54-B25B-4943-B047-597E16C9A899}"
EndProject
Project("{8BC9CEB8-8B4A-11D0-8D11-00A0C91BC942}") = "16.3 Overloading and Templates", "16.3 Overloading and Templates\16.3 Overloading and Templates.vcxproj", "{7437DCA8-5267-46DE-A062-4D2FF47F9F5E}"
EndProject
Project("{8BC9CEB8-8B4A-11D0-8D11-00A0C91BC942}") = "16.4 Variadic Templates", "16.4 Variadic Templates\16.4 Variadic Templates.vcxproj", "{24A62801-8B75-42B7-B41A-C9BD0C14722A}"
EndProject
Project("{8BC9CEB8-8B4A-11D0-8D11-00A0C91BC942}") = "16.5 Template Specializations", "16.5 Template Specializations\16.5 Template Specializations.vcxproj", "{0E476990-58FE-44C9-ACCD-EAAE73A78074}"
EndProject
Global
	GlobalSection(SolutionConfigurationPlatforms) = preSolution
		Debug|ARM = Debug|ARM
		Debug|ARM64 = Debug|ARM64
		Debug|x64 = Debug|x64
		Debug|x86 = Debug|x86
		Release|ARM = Release|ARM
		Release|ARM64 = Release|ARM64
		Release|x64 = Release|x64
		Release|x86 = Release|x86
	EndGlobalSection
	GlobalSection(ProjectConfigurationPlatforms) = postSolution
		{431160A2-BCC5-4BEE-8530-998148744AF1}.Debug|ARM.ActiveCfg = Debug|x64
		{431160A2-BCC5-4BEE-8530-998148744AF1}.Debug|ARM.Build.0 = Debug|x64
		{431160A2-BCC5-4BEE-8530-998148744AF1}.Debug|ARM64.ActiveCfg = Debug|x64
		{431160A2-BCC5-4BEE-8530-998148744AF1}.Debug|ARM64.Build.0 = Debug|x64
		{431160A2-BCC5-4BEE-8530-998148744AF1}.Debug|x64.ActiveCfg = Debug|x64
		{431160A2-BCC5-4BEE-8530-998148744AF1}.Debug|x64.Build.0 = Debug|x64
		{431160A2-BCC5-4BEE-8530-998148744AF1}.Debug|x86.ActiveCfg = Debug|Win32
		{431160A2-BCC5-4BEE-8530-998148744AF1}.Debug|x86.Build.0 = Debug|Win32
		{431160A2-BCC5-4BEE-8530-998148744AF1}.Release|ARM.ActiveCfg = Release|x64
		{431160A2-BCC5-4BEE-8530-998148744AF1}.Release|ARM.Build.0 = Release|x64
		{431160A2-BCC5-4BEE-8530-998148744AF1}.Release|ARM64.ActiveCfg = Release|x64
		{431160A2-BCC5-4BEE-8530-998148744AF1}.Release|ARM64.Build.0 = Release|x64
		{431160A2-BCC5-4BEE-8530-998148744AF1}.Release|x64.ActiveCfg = Release|x64
		{431160A2-BCC5-4BEE-8530-998148744AF1}.Release|x64.Build.0 = Release|x64
		{431160A2-BCC5-4BEE-8530-998148744AF1}.Release|x86.ActiveCfg = Release|Win32
		{431160A2-BCC5-4BEE-8530-998148744AF1}.Release|x86.Build.0 = Release|Win32
		{F8AF4C45-472A-496A-A0C8-78E21B304460}.Debug|ARM.ActiveCfg = Debug|x64
		{F8AF4C45-472A-496A-A0C8-78E21B304460}.Debug|ARM.Build.0 = Debug|x64
		{F8AF4C45-472A-496A-A0C8-78E21B304460}.Debug|ARM64.ActiveCfg = Debug|x64
		{F8AF4C45-472A-496A-A0C8-78E21B304460}.Debug|ARM64.Build.0 = Debug|x64
		{F8AF4C45-472A-496A-A0C8-78E21B304460}.Debug|x64.ActiveCfg = Debug|x64
		{F8AF4C45-472A-496A-A0C8-78E21B304460}.Debug|x64.Build.0 = Debug|x64
		{F8AF4C45-472A-496A-A0C8-78E21B304460}.Debug|x86.ActiveCfg = Debug|Win32
		{F8AF4C45-472A-496A-A0C8-78E21B304460}.Debug|x86.Build.0 = Debug|Win32
		{F8AF4C45-472A-496A-A0C8-78E21B304460}.Release|ARM.ActiveCfg = Release|x64
		{F8AF4C45-472A-496A-A0C8-78E21B304460}.Release|ARM.Build.0 = Release|x64
		{F8AF4C45-472A-496A-A0C8-78E21B304460}.Release|ARM64.ActiveCfg = Release|x64
		{F8AF4C45-472A-496A-A0C8-78E21B304460}.Release|ARM64.Build.0 = Release|x64
		{F8AF4C45-472A-496A-A0C8-78E21B304460}.Release|x64.ActiveCfg = Release|x64
		{F8AF4C45-472A-496A-A0C8-78E21B304460}.Release|x64.Build.0 = Release|x64
		{F8AF4C45-472A-496A-A0C8-78E21B304460}.Release|x86.ActiveCfg = Release|Win32
		{F8AF4C45-472A-496A-A0C8-78E21B304460}.Release|x86.Build.0 = Release|Win32
		{B9D19D2A-8426-4413-BBD7-A59940B422B1}.Debug|ARM.ActiveCfg = Debug|x64
		{B9D19D2A-8426-4413-BBD7-A59940B422B1}.Debug|ARM.Build.0 = Debug|x64
		{B9D19D2A-8426-4413-BBD7-A59940B422B1}.Debug|ARM64.ActiveCfg = Debug|x64
		{B9D19D2A-8426-4413-BBD7-A59940B422B1}.Debug|ARM64.Build.0 = Debug|x64
		{B9D19D2A-8426-4413-BBD7-A59940B422B1}.Debug|x64.ActiveCfg = Debug|x64
		{B9D19D2A-8426-4413-BBD7-A59940B422B1}.Debug|x64.Build.0 = Debug|x64
		{B9D19D2A-8426-4413-BBD7-A59940B422B1}.Debug|x86.ActiveCfg = Debug|Win32
		{B9D19D2A-8426-4413-BBD7-A59940B422B1}.Debug|x86.Build.0 = Debug|Win32
		{B9D19D2A-8426-4413-BBD7-A59940B422B1}.Release|ARM.ActiveCfg = Release|x64
		{B9D19D2A-8426-4413-BBD7-A59940B422B1}.Release|ARM.Build.0 = Release|x64
		{B9D19D2A-8426-4413-BBD7-A59940B422B1}.Release|ARM64.ActiveCfg = Release|x64
		{B9D19D2A-8426-4413-BBD7-A59940B422B1}.Release|ARM64.Build.0 = Release|x64
		{B9D19D2A-8426-4413-BBD7-A59940B422B1}.Release|x64.ActiveCfg = Release|x64
		{B9D19D2A-8426-4413-BBD7-A59940B422B1}.Release|x64.Build.0 = Release|x64
		{B9D19D2A-8426-4413-BBD7-A59940B422B1}.Release|x86.ActiveCfg = Release|Win32
		{B9D19D2A-8426-4413-BBD7-A59940B422B1}.Release|x86.Build.0 = Release|Win32
		{7E4F4356-CC0F-4C9A-8CB1-27D24AE20420}.Debug|ARM.ActiveCfg = Debug|x64
		{7E4F4356-CC0F-4C9A-8CB1-27D24AE20420}.Debug|ARM.Build.0 = Debug|x64
		{7E4F4356-CC0F-4C9A-8CB1-27D24AE20420}.Debug|ARM64.ActiveCfg = Debug|x64
		{7E4F4356-CC0F-4C9A-8CB1-27D24AE20420}.Debug|ARM64.Build.0 = Debug|x64
		{7E4F4356-CC0F-4C9A-8CB1-27D24AE20420}.Debug|x64.ActiveCfg = Debug|x64
		{7E4F4356-CC0F-4C9A-8CB1-27D24AE20420}.Debug|x64.Build.0 = Debug|x64
		{7E4F4356-CC0F-4C9A-8CB1-27D24AE20420}.Debug|x86.ActiveCfg = Debug|Win32
		{7E4F4356-CC0F-4C9A-8CB1-27D24AE20420}.Debug|x86.Build.0 = Debug|Win32
		{7E4F4356-CC0F-4C9A-8CB1-27D24AE20420}.Release|ARM.ActiveCfg = Release|x64
		{7E4F4356-CC0F-4C9A-8CB1-27D24AE20420}.Release|ARM.Build.0 = Release|x64
		{7E4F4356-CC0F-4C9A-8CB1-27D24AE20420}.Release|ARM64.ActiveCfg = Release|x64
		{7E4F4356-CC0F-4C9A-8CB1-27D24AE20420}.Release|ARM64.Build.0 = Release|x64
		{7E4F4356-CC0F-4C9A-8CB1-27D24AE20420}.Release|x64.ActiveCfg = Release|x64
		{7E4F4356-CC0F-4C9A-8CB1-27D24AE20420}.Release|x64.Build.0 = Release|x64
		{7E4F4356-CC0F-4C9A-8CB1-27D24AE20420}.Release|x86.ActiveCfg = Release|Win32
		{7E4F4356-CC0F-4C9A-8CB1-27D24AE20420}.Release|x86.Build.0 = Release|Win32
		{AB353657-C32B-487D-A220-3E4DA8707D32}.Debug|ARM.ActiveCfg = Debug|x64
		{AB353657-C32B-487D-A220-3E4DA8707D32}.Debug|ARM.Build.0 = Debug|x64
		{AB353657-C32B-487D-A220-3E4DA8707D32}.Debug|ARM64.ActiveCfg = Debug|x64
		{AB353657-C32B-487D-A220-3E4DA8707D32}.Debug|ARM64.Build.0 = Debug|x64
		{AB353657-C32B-487D-A220-3E4DA8707D32}.Debug|x64.ActiveCfg = Debug|x64
		{AB353657-C32B-487D-A220-3E4DA8707D32}.Debug|x64.Build.0 = Debug|x64
		{AB353657-C32B-487D-A220-3E4DA8707D32}.Debug|x86.ActiveCfg = Debug|Win32
		{AB353657-C32B-487D-A220-3E4DA8707D32}.Debug|x86.Build.0 = Debug|Win32
		{AB353657-C32B-487D-A220-3E4DA8707D32}.Release|ARM.ActiveCfg = Release|x64
		{AB353657-C32B-487D-A220-3E4DA8707D32}.Release|ARM.Build.0 = Release|x64
		{AB353657-C32B-487D-A220-3E4DA8707D32}.Release|ARM64.ActiveCfg = Release|x64
		{AB353657-C32B-487D-A220-3E4DA8707D32}.Release|ARM64.Build.0 = Release|x64
		{AB353657-C32B-487D-A220-3E4DA8707D32}.Release|x64.ActiveCfg = Release|x64
		{AB353657-C32B-487D-A220-3E4DA8707D32}.Release|x64.Build.0 = Release|x64
		{AB353657-C32B-487D-A220-3E4DA8707D32}.Release|x86.ActiveCfg = Release|Win32
		{AB353657-C32B-487D-A220-3E4DA8707D32}.Release|x86.Build.0 = Release|Win32
		{33EDF1D8-A549-43EF-A9F5-7DB5765F57ED}.Debug|ARM.ActiveCfg = Debug|x64
		{33EDF1D8-A549-43EF-A9F5-7DB5765F57ED}.Debug|ARM.Build.0 = Debug|x64
		{33EDF1D8-A549-43EF-A9F5-7DB5765F57ED}.Debug|ARM64.ActiveCfg = Debug|x64
		{33EDF1D8-A549-43EF-A9F5-7DB5765F57ED}.Debug|ARM64.Build.0 = Debug|x64
		{33EDF1D8-A549-43EF-A9F5-7DB5765F57ED}.Debug|x64.ActiveCfg = Debug|x64
		{33EDF1D8-A549-43EF-A9F5-7DB5765F57ED}.Debug|x64.Build.0 = Debug|x64
		{33EDF1D8-A549-43EF-A9F5-7DB5765F57ED}.Debug|x86.ActiveCfg = Debug|Win32
		{33EDF1D8-A549-43EF-A9F5-7DB5765F57ED}.Debug|x86.Build.0 = Debug|Win32
		{33EDF1D8-A549-43EF-A9F5-7DB5765F57ED}.Release|ARM.ActiveCfg = Release|x64
		{33EDF1D8-A549-43EF-A9F5-7DB5765F57ED}.Release|ARM.Build.0 = Release|x64
		{33EDF1D8-A549-43EF-A9F5-7DB5765F57ED}.Release|ARM64.ActiveCfg = Release|x64
		{33EDF1D8-A549-43EF-A9F5-7DB5765F57ED}.Release|ARM64.Build.0 = Release|x64
		{33EDF1D8-A549-43EF-A9F5-7DB5765F57ED}.Release|x64.ActiveCfg = Release|x64
		{33EDF1D8-A549-43EF-A9F5-7DB5765F57ED}.Release|x64.Build.0 = Release|x64
		{33EDF1D8-A549-43EF-A9F5-7DB5765F57ED}.Release|x86.ActiveCfg = Release|Win32
		{33EDF1D8-A549-43EF-A9F5-7DB5765F57ED}.Release|x86.Build.0 = Release|Win32
		{7D6CDDFA-FF22-4342-94E4-FB293F7C57D2}.Debug|ARM.ActiveCfg = Debug|x64
		{7D6CDDFA-FF22-4342-94E4-FB293F7C57D2}.Debug|ARM.Build.0 = Debug|x64
		{7D6CDDFA-FF22-4342-94E4-FB293F7C57D2}.Debug|ARM64.ActiveCfg = Debug|x64
		{7D6CDDFA-FF22-4342-94E4-FB293F7C57D2}.Debug|ARM64.Build.0 = Debug|x64
		{7D6CDDFA-FF22-4342-94E4-FB293F7C57D2}.Debug|x64.ActiveCfg = Debug|x64
		{7D6CDDFA-FF22-4342-94E4-FB293F7C57D2}.Debug|x64.Build.0 = Debug|x64
		{7D6CDDFA-FF22-4342-94E4-FB293F7C57D2}.Debug|x86.ActiveCfg = Debug|Win32
		{7D6CDDFA-FF22-4342-94E4-FB293F7C57D2}.Debug|x86.Build.0 = Debug|Win32
		{7D6CDDFA-FF22-4342-94E4-FB293F7C57D2}.Release|ARM.ActiveCfg = Release|x64
		{7D6CDDFA-FF22-4342-94E4-FB293F7C57D2}.Release|ARM.Build.0 = Release|x64
		{7D6CDDFA-FF22-4342-94E4-FB293F7C57D2}.Release|ARM64.ActiveCfg = Release|x64
		{7D6CDDFA-FF22-4342-94E4-FB293F7C57D2}.Release|ARM64.Build.0 = Release|x64
		{7D6CDDFA-FF22-4342-94E4-FB293F7C57D2}.Release|x64.ActiveCfg = Release|x64
		{7D6CDDFA-FF22-4342-94E4-FB293F7C57D2}.Release|x64.Build.0 = Release|x64
		{7D6CDDFA-FF22-4342-94E4-FB293F7C57D2}.Release|x86.ActiveCfg = Release|Win32
		{7D6CDDFA-FF22-4342-94E4-FB293F7C57D2}.Release|x86.Build.0 = Release|Win32
		{10E83D47-51AF-4917-B5D0-72F1F8BC4DF1}.Debug|ARM.ActiveCfg = Debug|x64
		{10E83D47-51AF-4917-B5D0-72F1F8BC4DF1}.Debug|ARM.Build.0 = Debug|x64
		{10E83D47-51AF-4917-B5D0-72F1F8BC4DF1}.Debug|ARM64.ActiveCfg = Debug|x64
		{10E83D47-51AF-4917-B5D0-72F1F8BC4DF1}.Debug|ARM64.Build.0 = Debug|x64
		{10E83D47-51AF-4917-B5D0-72F1F8BC4DF1}.Debug|x64.ActiveCfg = Debug|x64
		{10E83D47-51AF-4917-B5D0-72F1F8BC4DF1}.Debug|x64.Build.0 = Debug|x64
		{10E83D47-51AF-4917-B5D0-72F1F8BC4DF1}.Debug|x86.ActiveCfg = Debug|Win32
		{10E83D47-51AF-4917-B5D0-72F1F8BC4DF1}.Debug|x86.Build.0 = Debug|Win32
		{10E83D47-51AF-4917-B5D0-72F1F8BC4DF1}.Release|ARM.ActiveCfg = Release|x64
		{10E83D47-51AF-4917-B5D0-72F1F8BC4DF1}.Release|ARM.Build.0 = Release|x64
		{10E83D47-51AF-4917-B5D0-72F1F8BC4DF1}.Release|ARM64.ActiveCfg = Release|x64
		{10E83D47-51AF-4917-B5D0-72F1F8BC4DF1}.Release|ARM64.Build.0 = Release|x64
		{10E83D47-51AF-4917-B5D0-72F1F8BC4DF1}.Release|x64.ActiveCfg = Release|x64
		{10E83D47-51AF-4917-B5D0-72F1F8BC4DF1}.Release|x64.Build.0 = Release|x64
		{10E83D47-51AF-4917-B5D0-72F1F8BC4DF1}.Release|x86.ActiveCfg = Release|Win32
		{10E83D47-51AF-4917-B5D0-72F1F8BC4DF1}.Release|x86.Build.0 = Release|Win32
		{AC9F8B47-B0A2-412C-89A9-8DC26FBDA130}.Debug|ARM.ActiveCfg = Debug|x64
		{AC9F8B47-B0A2-412C-89A9-8DC26FBDA130}.Debug|ARM.Build.0 = Debug|x64
		{AC9F8B47-B0A2-412C-89A9-8DC26FBDA130}.Debug|ARM64.ActiveCfg = Debug|x64
		{AC9F8B47-B0A2-412C-89A9-8DC26FBDA130}.Debug|ARM64.Build.0 = Debug|x64
		{AC9F8B47-B0A2-412C-89A9-8DC26FBDA130}.Debug|x64.ActiveCfg = Debug|x64
		{AC9F8B47-B0A2-412C-89A9-8DC26FBDA130}.Debug|x64.Build.0 = Debug|x64
		{AC9F8B47-B0A2-412C-89A9-8DC26FBDA130}.Debug|x86.ActiveCfg = Debug|Win32
		{AC9F8B47-B0A2-412C-89A9-8DC26FBDA130}.Debug|x86.Build.0 = Debug|Win32
		{AC9F8B47-B0A2-412C-89A9-8DC26FBDA130}.Release|ARM.ActiveCfg = Release|x64
		{AC9F8B47-B0A2-412C-89A9-8DC26FBDA130}.Release|ARM.Build.0 = Release|x64
		{AC9F8B47-B0A2-412C-89A9-8DC26FBDA130}.Release|ARM64.ActiveCfg = Release|x64
		{AC9F8B47-B0A2-412C-89A9-8DC26FBDA130}.Release|ARM64.Build.0 = Release|x64
		{AC9F8B47-B0A2-412C-89A9-8DC26FBDA130}.Release|x64.ActiveCfg = Release|x64
		{AC9F8B47-B0A2-412C-89A9-8DC26FBDA130}.Release|x64.Build.0 = Release|x64
		{AC9F8B47-B0A2-412C-89A9-8DC26FBDA130}.Release|x86.ActiveCfg = Release|Win32
		{AC9F8B47-B0A2-412C-89A9-8DC26FBDA130}.Release|x86.Build.0 = Release|Win32
		{BF8751C5-82D7-41D6-9E25-0230A2CAD844}.Debug|ARM.ActiveCfg = Debug|x64
		{BF8751C5-82D7-41D6-9E25-0230A2CAD844}.Debug|ARM.Build.0 = Debug|x64
		{BF8751C5-82D7-41D6-9E25-0230A2CAD844}.Debug|ARM64.ActiveCfg = Debug|x64
		{BF8751C5-82D7-41D6-9E25-0230A2CAD844}.Debug|ARM64.Build.0 = Debug|x64
		{BF8751C5-82D7-41D6-9E25-0230A2CAD844}.Debug|x64.ActiveCfg = Debug|x64
		{BF8751C5-82D7-41D6-9E25-0230A2CAD844}.Debug|x64.Build.0 = Debug|x64
		{BF8751C5-82D7-41D6-9E25-0230A2CAD844}.Debug|x86.ActiveCfg = Debug|Win32
		{BF8751C5-82D7-41D6-9E25-0230A2CAD844}.Debug|x86.Build.0 = Debug|Win32
		{BF8751C5-82D7-41D6-9E25-0230A2CAD844}.Release|ARM.ActiveCfg = Release|x64
		{BF8751C5-82D7-41D6-9E25-0230A2CAD844}.Release|ARM.Build.0 = Release|x64
		{BF8751C5-82D7-41D6-9E25-0230A2CAD844}.Release|ARM64.ActiveCfg = Release|x64
		{BF8751C5-82D7-41D6-9E25-0230A2CAD844}.Release|ARM64.Build.0 = Release|x64
		{BF8751C5-82D7-41D6-9E25-0230A2CAD844}.Release|x64.ActiveCfg = Release|x64
		{BF8751C5-82D7-41D6-9E25-0230A2CAD844}.Release|x64.Build.0 = Release|x64
		{BF8751C5-82D7-41D6-9E25-0230A2CAD844}.Release|x86.ActiveCfg = Release|Win32
		{BF8751C5-82D7-41D6-9E25-0230A2CAD844}.Release|x86.Build.0 = Release|Win32
		{21A52DA6-2EED-47E7-A021-72780A6F5754}.Debug|ARM.ActiveCfg = Debug|x64
		{21A52DA6-2EED-47E7-A021-72780A6F5754}.Debug|ARM.Build.0 = Debug|x64
		{21A52DA6-2EED-47E7-A021-72780A6F5754}.Debug|ARM64.ActiveCfg = Debug|x64
		{21A52DA6-2EED-47E7-A021-72780A6F5754}.Debug|ARM64.Build.0 = Debug|x64
		{21A52DA6-2EED-47E7-A021-72780A6F5754}.Debug|x64.ActiveCfg = Debug|x64
		{21A52DA6-2EED-47E7-A021-72780A6F5754}.Debug|x64.Build.0 = Debug|x64
		{21A52DA6-2EED-47E7-A021-72780A6F5754}.Debug|x86.ActiveCfg = Debug|Win32
		{21A52DA6-2EED-47E7-A021-72780A6F5754}.Debug|x86.Build.0 = Debug|Win32
		{21A52DA6-2EED-47E7-A021-72780A6F5754}.Release|ARM.ActiveCfg = Release|x64
		{21A52DA6-2EED-47E7-A021-72780A6F5754}.Release|ARM.Build.0 = Release|x64
		{21A52DA6-2EED-47E7-A021-72780A6F5754}.Release|ARM64.ActiveCfg = Release|x64
		{21A52DA6-2EED-47E7-A021-72780A6F5754}.Release|ARM64.Build.0 = Release|x64
		{21A52DA6-2EED-47E7-A021-72780A6F5754}.Release|x64.ActiveCfg = Release|x64
		{21A52DA6-2EED-47E7-A021-72780A6F5754}.Release|x64.Build.0 = Release|x64
		{21A52DA6-2EED-47E7-A021-72780A6F5754}.Release|x86.ActiveCfg = Release|Win32
		{21A52DA6-2EED-47E7-A021-72780A6F5754}.Release|x86.Build.0 = Release|Win32
		{715692A2-5381-4F90-9C8F-5A54349CEF32}.Debug|ARM.ActiveCfg = Debug|x64
		{715692A2-5381-4F90-9C8F-5A54349CEF32}.Debug|ARM.Build.0 = Debug|x64
		{715692A2-5381-4F90-9C8F-5A54349CEF32}.Debug|ARM64.ActiveCfg = Debug|x64
		{715692A2-5381-4F90-9C8F-5A54349CEF32}.Debug|ARM64.Build.0 = Debug|x64
		{715692A2-5381-4F90-9C8F-5A54349CEF32}.Debug|x64.ActiveCfg = Debug|x64
		{715692A2-5381-4F90-9C8F-5A54349CEF32}.Debug|x64.Build.0 = Debug|x64
		{715692A2-5381-4F90-9C8F-5A54349CEF32}.Debug|x86.ActiveCfg = Debug|Win32
		{715692A2-5381-4F90-9C8F-5A54349CEF32}.Debug|x86.Build.0 = Debug|Win32
		{715692A2-5381-4F90-9C8F-5A54349CEF32}.Release|ARM.ActiveCfg = Release|x64
		{715692A2-5381-4F90-9C8F-5A54349CEF32}.Release|ARM.Build.0 = Release|x64
		{715692A2-5381-4F90-9C8F-5A54349CEF32}.Release|ARM64.ActiveCfg = Release|x64
		{715692A2-5381-4F90-9C8F-5A54349CEF32}.Release|ARM64.Build.0 = Release|x64
		{715692A2-5381-4F90-9C8F-5A54349CEF32}.Release|x64.ActiveCfg = Release|x64
		{715692A2-5381-4F90-9C8F-5A54349CEF32}.Release|x64.Build.0 = Release|x64
		{715692A2-5381-4F90-9C8F-5A54349CEF32}.Release|x86.ActiveCfg = Release|Win32
		{715692A2-5381-4F90-9C8F-5A54349CEF32}.Release|x86.Build.0 = Release|Win32
		{59F4299C-A3A0-439F-9977-56000E6D67B2}.Debug|ARM.ActiveCfg = Debug|x64
		{59F4299C-A3A0-439F-9977-56000E6D67B2}.Debug|ARM.Build.0 = Debug|x64
		{59F4299C-A3A0-439F-9977-56000E6D67B2}.Debug|ARM64.ActiveCfg = Debug|x64
		{59F4299C-A3A0-439F-9977-56000E6D67B2}.Debug|ARM64.Build.0 = Debug|x64
		{59F4299C-A3A0-439F-9977-56000E6D67B2}.Debug|x64.ActiveCfg = Debug|x64
		{59F4299C-A3A0-439F-9977-56000E6D67B2}.Debug|x64.Build.0 = Debug|x64
		{59F4299C-A3A0-439F-9977-56000E6D67B2}.Debug|x86.ActiveCfg = Debug|Win32
		{59F4299C-A3A0-439F-9977-56000E6D67B2}.Debug|x86.Build.0 = Debug|Win32
		{59F4299C-A3A0-439F-9977-56000E6D67B2}.Release|ARM.ActiveCfg = Release|x64
		{59F4299C-A3A0-439F-9977-56000E6D67B2}.Release|ARM.Build.0 = Release|x64
		{59F4299C-A3A0-439F-9977-56000E6D67B2}.Release|ARM64.ActiveCfg = Release|x64
		{59F4299C-A3A0-439F-9977-56000E6D67B2}.Release|ARM64.Build.0 = Release|x64
		{59F4299C-A3A0-439F-9977-56000E6D67B2}.Release|x64.ActiveCfg = Release|x64
		{59F4299C-A3A0-439F-9977-56000E6D67B2}.Release|x64.Build.0 = Release|x64
		{59F4299C-A3A0-439F-9977-56000E6D67B2}.Release|x86.ActiveCfg = Release|Win32
		{59F4299C-A3A0-439F-9977-56000E6D67B2}.Release|x86.Build.0 = Release|Win32
		{2F6476D2-4D1F-4470-9A82-8E8135883C95}.Debug|ARM.ActiveCfg = Debug|x64
		{2F6476D2-4D1F-4470-9A82-8E8135883C95}.Debug|ARM.Build.0 = Debug|x64
		{2F6476D2-4D1F-4470-9A82-8E8135883C95}.Debug|ARM64.ActiveCfg = Debug|x64
		{2F6476D2-4D1F-4470-9A82-8E8135883C95}.Debug|ARM64.Build.0 = Debug|x64
		{2F6476D2-4D1F-4470-9A82-8E8135883C95}.Debug|x64.ActiveCfg = Debug|x64
		{2F6476D2-4D1F-4470-9A82-8E8135883C95}.Debug|x64.Build.0 = Debug|x64
		{2F6476D2-4D1F-4470-9A82-8E8135883C95}.Debug|x86.ActiveCfg = Debug|Win32
		{2F6476D2-4D1F-4470-9A82-8E8135883C95}.Debug|x86.Build.0 = Debug|Win32
		{2F6476D2-4D1F-4470-9A82-8E8135883C95}.Release|ARM.ActiveCfg = Release|x64
		{2F6476D2-4D1F-4470-9A82-8E8135883C95}.Release|ARM.Build.0 = Release|x64
		{2F6476D2-4D1F-4470-9A82-8E8135883C95}.Release|ARM64.ActiveCfg = Release|x64
		{2F6476D2-4D1F-4470-9A82-8E8135883C95}.Release|ARM64.Build.0 = Release|x64
		{2F6476D2-4D1F-4470-9A82-8E8135883C95}.Release|x64.ActiveCfg = Release|x64
		{2F6476D2-4D1F-4470-9A82-8E8135883C95}.Release|x64.Build.0 = Release|x64
		{2F6476D2-4D1F-4470-9A82-8E8135883C95}.Release|x86.ActiveCfg = Release|Win32
		{2F6476D2-4D1F-4470-9A82-8E8135883C95}.Release|x86.Build.0 = Release|Win32
		{11B1DF41-9B87-451A-A70A-33BA94A03216}.Debug|ARM.ActiveCfg = Debug|x64
		{11B1DF41-9B87-451A-A70A-33BA94A03216}.Debug|ARM.Build.0 = Debug|x64
		{11B1DF41-9B87-451A-A70A-33BA94A03216}.Debug|ARM64.ActiveCfg = Debug|x64
		{11B1DF41-9B87-451A-A70A-33BA94A03216}.Debug|ARM64.Build.0 = Debug|x64
		{11B1DF41-9B87-451A-A70A-33BA94A03216}.Debug|x64.ActiveCfg = Debug|x64
		{11B1DF41-9B87-451A-A70A-33BA94A03216}.Debug|x64.Build.0 = Debug|x64
		{11B1DF41-9B87-451A-A70A-33BA94A03216}.Debug|x86.ActiveCfg = Debug|Win32
		{11B1DF41-9B87-451A-A70A-33BA94A03216}.Debug|x86.Build.0 = Debug|Win32
		{11B1DF41-9B87-451A-A70A-33BA94A03216}.Release|ARM.ActiveCfg = Release|x64
		{11B1DF41-9B87-451A-A70A-33BA94A03216}.Release|ARM.Build.0 = Release|x64
		{11B1DF41-9B87-451A-A70A-33BA94A03216}.Release|ARM64.ActiveCfg = Release|x64
		{11B1DF41-9B87-451A-A70A-33BA94A03216}.Release|ARM64.Build.0 = Release|x64
		{11B1DF41-9B87-451A-A70A-33BA94A03216}.Release|x64.ActiveCfg = Release|x64
		{11B1DF41-9B87-451A-A70A-33BA94A03216}.Release|x64.Build.0 = Release|x64
		{11B1DF41-9B87-451A-A70A-33BA94A03216}.Release|x86.ActiveCfg = Release|Win32
		{11B1DF41-9B87-451A-A70A-33BA94A03216}.Release|x86.Build.0 = Release|Win32
		{10904456-8F52-4B68-9E97-D17E069BAF52}.Debug|ARM.ActiveCfg = Debug|x64
		{10904456-8F52-4B68-9E97-D17E069BAF52}.Debug|ARM.Build.0 = Debug|x64
		{10904456-8F52-4B68-9E97-D17E069BAF52}.Debug|ARM64.ActiveCfg = Debug|x64
		{10904456-8F52-4B68-9E97-D17E069BAF52}.Debug|ARM64.Build.0 = Debug|x64
		{10904456-8F52-4B68-9E97-D17E069BAF52}.Debug|x64.ActiveCfg = Debug|x64
		{10904456-8F52-4B68-9E97-D17E069BAF52}.Debug|x64.Build.0 = Debug|x64
		{10904456-8F52-4B68-9E97-D17E069BAF52}.Debug|x86.ActiveCfg = Debug|Win32
		{10904456-8F52-4B68-9E97-D17E069BAF52}.Debug|x86.Build.0 = Debug|Win32
		{10904456-8F52-4B68-9E97-D17E069BAF52}.Release|ARM.ActiveCfg = Release|x64
		{10904456-8F52-4B68-9E97-D17E069BAF52}.Release|ARM.Build.0 = Release|x64
		{10904456-8F52-4B68-9E97-D17E069BAF52}.Release|ARM64.ActiveCfg = Release|x64
		{10904456-8F52-4B68-9E97-D17E069BAF52}.Release|ARM64.Build.0 = Release|x64
		{10904456-8F52-4B68-9E97-D17E069BAF52}.Release|x64.ActiveCfg = Release|x64
		{10904456-8F52-4B68-9E97-D17E069BAF52}.Release|x64.Build.0 = Release|x64
		{10904456-8F52-4B68-9E97-D17E069BAF52}.Release|x86.ActiveCfg = Release|Win32
		{10904456-8F52-4B68-9E97-D17E069BAF52}.Release|x86.Build.0 = Release|Win32
		{AB4E7590-8438-4249-83DF-166407219EBE}.Debug|ARM.ActiveCfg = Debug|x64
		{AB4E7590-8438-4249-83DF-166407219EBE}.Debug|ARM.Build.0 = Debug|x64
		{AB4E7590-8438-4249-83DF-166407219EBE}.Debug|ARM64.ActiveCfg = Debug|x64
		{AB4E7590-8438-4249-83DF-166407219EBE}.Debug|ARM64.Build.0 = Debug|x64
		{AB4E7590-8438-4249-83DF-166407219EBE}.Debug|x64.ActiveCfg = Debug|x64
		{AB4E7590-8438-4249-83DF-166407219EBE}.Debug|x64.Build.0 = Debug|x64
		{AB4E7590-8438-4249-83DF-166407219EBE}.Debug|x86.ActiveCfg = Debug|Win32
		{AB4E7590-8438-4249-83DF-166407219EBE}.Debug|x86.Build.0 = Debug|Win32
		{AB4E7590-8438-4249-83DF-166407219EBE}.Release|ARM.ActiveCfg = Release|x64
		{AB4E7590-8438-4249-83DF-166407219EBE}.Release|ARM.Build.0 = Release|x64
		{AB4E7590-8438-4249-83DF-166407219EBE}.Release|ARM64.ActiveCfg = Release|x64
		{AB4E7590-8438-4249-83DF-166407219EBE}.Release|ARM64.Build.0 = Release|x64
		{AB4E7590-8438-4249-83DF-166407219EBE}.Release|x64.ActiveCfg = Release|x64
		{AB4E7590-8438-4249-83DF-166407219EBE}.Release|x64.Build.0 = Release|x64
		{AB4E7590-8438-4249-83DF-166407219EBE}.Release|x86.ActiveCfg = Release|Win32
		{AB4E7590-8438-4249-83DF-166407219EBE}.Release|x86.Build.0 = Release|Win32
		{CDB0D764-7D49-4FBE-A78C-59D11F086973}.Debug|ARM.ActiveCfg = Debug|x64
		{CDB0D764-7D49-4FBE-A78C-59D11F086973}.Debug|ARM.Build.0 = Debug|x64
		{CDB0D764-7D49-4FBE-A78C-59D11F086973}.Debug|ARM64.ActiveCfg = Debug|x64
		{CDB0D764-7D49-4FBE-A78C-59D11F086973}.Debug|ARM64.Build.0 = Debug|x64
		{CDB0D764-7D49-4FBE-A78C-59D11F086973}.Debug|x64.ActiveCfg = Debug|x64
		{CDB0D764-7D49-4FBE-A78C-59D11F086973}.Debug|x64.Build.0 = Debug|x64
		{CDB0D764-7D49-4FBE-A78C-59D11F086973}.Debug|x86.ActiveCfg = Debug|Win32
		{CDB0D764-7D49-4FBE-A78C-59D11F086973}.Debug|x86.Build.0 = Debug|Win32
		{CDB0D764-7D49-4FBE-A78C-59D11F086973}.Release|ARM.ActiveCfg = Release|x64
		{CDB0D764-7D49-4FBE-A78C-59D11F086973}.Release|ARM.Build.0 = Release|x64
		{CDB0D764-7D49-4FBE-A78C-59D11F086973}.Release|ARM64.ActiveCfg = Release|x64
		{CDB0D764-7D49-4FBE-A78C-59D11F086973}.Release|ARM64.Build.0 = Release|x64
		{CDB0D764-7D49-4FBE-A78C-59D11F086973}.Release|x64.ActiveCfg = Release|x64
		{CDB0D764-7D49-4FBE-A78C-59D11F086973}.Release|x64.Build.0 = Release|x64
		{CDB0D764-7D49-4FBE-A78C-59D11F086973}.Release|x86.ActiveCfg = Release|Win32
		{CDB0D764-7D49-4FBE-A78C-59D11F086973}.Release|x86.Build.0 = Release|Win32
		{41A947CB-5FCD-4915-9FAB-8FE14254EEE8}.Debug|ARM.ActiveCfg = Debug|x64
		{41A947CB-5FCD-4915-9FAB-8FE14254EEE8}.Debug|ARM.Build.0 = Debug|x64
		{41A947CB-5FCD-4915-9FAB-8FE14254EEE8}.Debug|ARM64.ActiveCfg = Debug|x64
		{41A947CB-5FCD-4915-9FAB-8FE14254EEE8}.Debug|ARM64.Build.0 = Debug|x64
		{41A947CB-5FCD-4915-9FAB-8FE14254EEE8}.Debug|x64.ActiveCfg = Debug|x64
		{41A947CB-5FCD-4915-9FAB-8FE14254EEE8}.Debug|x64.Build.0 = Debug|x64
		{41A947CB-5FCD-4915-9FAB-8FE14254EEE8}.Debug|x86.ActiveCfg = Debug|Win32
		{41A947CB-5FCD-4915-9FAB-8FE14254EEE8}.Debug|x86.Build.0 = Debug|Win32
		{41A947CB-5FCD-4915-9FAB-8FE14254EEE8}.Release|ARM.ActiveCfg = Release|x64
		{41A947CB-5FCD-4915-9FAB-8FE14254EEE8}.Release|ARM.Build.0 = Release|x64
		{41A947CB-5FCD-4915-9FAB-8FE14254EEE8}.Release|ARM64.ActiveCfg = Release|x64
		{41A947CB-5FCD-4915-9FAB-8FE14254EEE8}.Release|ARM64.Build.0 = Release|x64
		{41A947CB-5FCD-4915-9FAB-8FE14254EEE8}.Release|x64.ActiveCfg = Release|x64
		{41A947CB-5FCD-4915-9FAB-8FE14254EEE8}.Release|x64.Build.0 = Release|x64
		{41A947CB-5FCD-4915-9FAB-8FE14254EEE8}.Release|x86.ActiveCfg = Release|Win32
		{41A947CB-5FCD-4915-9FAB-8FE14254EEE8}.Release|x86.Build.0 = Release|Win32
		{AAE8EF31-0568-4E1D-8675-CE420BAD1C79}.Debug|ARM.ActiveCfg = Debug|x64
		{AAE8EF31-0568-4E1D-8675-CE420BAD1C79}.Debug|ARM.Build.0 = Debug|x64
		{AAE8EF31-0568-4E1D-8675-CE420BAD1C79}.Debug|ARM64.ActiveCfg = Debug|x64
		{AAE8EF31-0568-4E1D-8675-CE420BAD1C79}.Debug|ARM64.Build.0 = Debug|x64
		{AAE8EF31-0568-4E1D-8675-CE420BAD1C79}.Debug|x64.ActiveCfg = Debug|x64
		{AAE8EF31-0568-4E1D-8675-CE420BAD1C79}.Debug|x64.Build.0 = Debug|x64
		{AAE8EF31-0568-4E1D-8675-CE420BAD1C79}.Debug|x86.ActiveCfg = Debug|Win32
		{AAE8EF31-0568-4E1D-8675-CE420BAD1C79}.Debug|x86.Build.0 = Debug|Win32
		{AAE8EF31-0568-4E1D-8675-CE420BAD1C79}.Release|ARM.ActiveCfg = Release|x64
		{AAE8EF31-0568-4E1D-8675-CE420BAD1C79}.Release|ARM.Build.0 = Release|x64
		{AAE8EF31-0568-4E1D-8675-CE420BAD1C79}.Release|ARM64.ActiveCfg = Release|x64
		{AAE8EF31-0568-4E1D-8675-CE420BAD1C79}.Release|ARM64.Build.0 = Release|x64
		{AAE8EF31-0568-4E1D-8675-CE420BAD1C79}.Release|x64.ActiveCfg = Release|x64
		{AAE8EF31-0568-4E1D-8675-CE420BAD1C79}.Release|x64.Build.0 = Release|x64
		{AAE8EF31-0568-4E1D-8675-CE420BAD1C79}.Release|x86.ActiveCfg = Release|Win32
		{AAE8EF31-0568-4E1D-8675-CE420BAD1C79}.Release|x86.Build.0 = Release|Win32
		{763CE386-16D0-4AF5-8FAB-C02BAE94177B}.Debug|ARM.ActiveCfg = Debug|x64
		{763CE386-16D0-4AF5-8FAB-C02BAE94177B}.Debug|ARM.Build.0 = Debug|x64
		{763CE386-16D0-4AF5-8FAB-C02BAE94177B}.Debug|ARM64.ActiveCfg = Debug|x64
		{763CE386-16D0-4AF5-8FAB-C02BAE94177B}.Debug|ARM64.Build.0 = Debug|x64
		{763CE386-16D0-4AF5-8FAB-C02BAE94177B}.Debug|x64.ActiveCfg = Debug|x64
		{763CE386-16D0-4AF5-8FAB-C02BAE94177B}.Debug|x64.Build.0 = Debug|x64
		{763CE386-16D0-4AF5-8FAB-C02BAE94177B}.Debug|x86.ActiveCfg = Debug|Win32
		{763CE386-16D0-4AF5-8FAB-C02BAE94177B}.Debug|x86.Build.0 = Debug|Win32
		{763CE386-16D0-4AF5-8FAB-C02BAE94177B}.Release|ARM.ActiveCfg = Release|x64
		{763CE386-16D0-4AF5-8FAB-C02BAE94177B}.Release|ARM.Build.0 = Release|x64
		{763CE386-16D0-4AF5-8FAB-C02BAE94177B}.Release|ARM64.ActiveCfg = Release|x64
		{763CE386-16D0-4AF5-8FAB-C02BAE94177B}.Release|ARM64.Build.0 = Release|x64
		{763CE386-16D0-4AF5-8FAB-C02BAE94177B}.Release|x64.ActiveCfg = Release|x64
		{763CE386-16D0-4AF5-8FAB-C02BAE94177B}.Release|x64.Build.0 = Release|x64
		{763CE386-16D0-4AF5-8FAB-C02BAE94177B}.Release|x86.ActiveCfg = Release|Win32
		{763CE386-16D0-4AF5-8FAB-C02BAE94177B}.Release|x86.Build.0 = Release|Win32
		{3DF53AB6-5227-47E2-81A1-D8FC06EBEC2D}.Debug|ARM.ActiveCfg = Debug|x64
		{3DF53AB6-5227-47E2-81A1-D8FC06EBEC2D}.Debug|ARM.Build.0 = Debug|x64
		{3DF53AB6-5227-47E2-81A1-D8FC06EBEC2D}.Debug|ARM64.ActiveCfg = Debug|x64
		{3DF53AB6-5227-47E2-81A1-D8FC06EBEC2D}.Debug|ARM64.Build.0 = Debug|x64
		{3DF53AB6-5227-47E2-81A1-D8FC06EBEC2D}.Debug|x64.ActiveCfg = Debug|x64
		{3DF53AB6-5227-47E2-81A1-D8FC06EBEC2D}.Debug|x64.Build.0 = Debug|x64
		{3DF53AB6-5227-47E2-81A1-D8FC06EBEC2D}.Debug|x86.ActiveCfg = Debug|Win32
		{3DF53AB6-5227-47E2-81A1-D8FC06EBEC2D}.Debug|x86.Build.0 = Debug|Win32
		{3DF53AB6-5227-47E2-81A1-D8FC06EBEC2D}.Release|ARM.ActiveCfg = Release|x64
		{3DF53AB6-5227-47E2-81A1-D8FC06EBEC2D}.Release|ARM.Build.0 = Release|x64
		{3DF53AB6-5227-47E2-81A1-D8FC06EBEC2D}.Release|ARM64.ActiveCfg = Release|x64
		{3DF53AB6-5227-47E2-81A1-D8FC06EBEC2D}.Release|ARM64.Build.0 = Release|x64
		{3DF53AB6-5227-47E2-81A1-D8FC06EBEC2D}.Release|x64.ActiveCfg = Release|x64
		{3DF53AB6-5227-47E2-81A1-D8FC06EBEC2D}.Release|x64.Build.0 = Release|x64
		{3DF53AB6-5227-47E2-81A1-D8FC06EBEC2D}.Release|x86.ActiveCfg = Release|Win32
		{3DF53AB6-5227-47E2-81A1-D8FC06EBEC2D}.Release|x86.Build.0 = Release|Win32
		{EC59252E-43CB-4094-9332-EBCBC9992806}.Debug|ARM.ActiveCfg = Debug|x64
		{EC59252E-43CB-4094-9332-EBCBC9992806}.Debug|ARM.Build.0 = Debug|x64
		{EC59252E-43CB-4094-9332-EBCBC9992806}.Debug|ARM64.ActiveCfg = Debug|x64
		{EC59252E-43CB-4094-9332-EBCBC9992806}.Debug|ARM64.Build.0 = Debug|x64
		{EC59252E-43CB-4094-9332-EBCBC9992806}.Debug|x64.ActiveCfg = Debug|x64
		{EC59252E-43CB-4094-9332-EBCBC9992806}.Debug|x64.Build.0 = Debug|x64
		{EC59252E-43CB-4094-9332-EBCBC9992806}.Debug|x86.ActiveCfg = Debug|Win32
		{EC59252E-43CB-4094-9332-EBCBC9992806}.Debug|x86.Build.0 = Debug|Win32
		{EC59252E-43CB-4094-9332-EBCBC9992806}.Release|ARM.ActiveCfg = Release|x64
		{EC59252E-43CB-4094-9332-EBCBC9992806}.Release|ARM.Build.0 = Release|x64
		{EC59252E-43CB-4094-9332-EBCBC9992806}.Release|ARM64.ActiveCfg = Release|x64
		{EC59252E-43CB-4094-9332-EBCBC9992806}.Release|ARM64.Build.0 = Release|x64
		{EC59252E-43CB-4094-9332-EBCBC9992806}.Release|x64.ActiveCfg = Release|x64
		{EC59252E-43CB-4094-9332-EBCBC9992806}.Release|x64.Build.0 = Release|x64
		{EC59252E-43CB-4094-9332-EBCBC9992806}.Release|x86.ActiveCfg = Release|Win32
		{EC59252E-43CB-4094-9332-EBCBC9992806}.Release|x86.Build.0 = Release|Win32
		{A184454E-24D7-477F-B0F3-B84CA0BC2572}.Debug|ARM.ActiveCfg = Debug|x64
		{A184454E-24D7-477F-B0F3-B84CA0BC2572}.Debug|ARM.Build.0 = Debug|x64
		{A184454E-24D7-477F-B0F3-B84CA0BC2572}.Debug|ARM64.ActiveCfg = Debug|x64
		{A184454E-24D7-477F-B0F3-B84CA0BC2572}.Debug|ARM64.Build.0 = Debug|x64
		{A184454E-24D7-477F-B0F3-B84CA0BC2572}.Debug|x64.ActiveCfg = Debug|x64
		{A184454E-24D7-477F-B0F3-B84CA0BC2572}.Debug|x64.Build.0 = Debug|x64
		{A184454E-24D7-477F-B0F3-B84CA0BC2572}.Debug|x86.ActiveCfg = Debug|Win32
		{A184454E-24D7-477F-B0F3-B84CA0BC2572}.Debug|x86.Build.0 = Debug|Win32
		{A184454E-24D7-477F-B0F3-B84CA0BC2572}.Release|ARM.ActiveCfg = Release|x64
		{A184454E-24D7-477F-B0F3-B84CA0BC2572}.Release|ARM.Build.0 = Release|x64
		{A184454E-24D7-477F-B0F3-B84CA0BC2572}.Release|ARM64.ActiveCfg = Release|x64
		{A184454E-24D7-477F-B0F3-B84CA0BC2572}.Release|ARM64.Build.0 = Release|x64
		{A184454E-24D7-477F-B0F3-B84CA0BC2572}.Release|x64.ActiveCfg = Release|x64
		{A184454E-24D7-477F-B0F3-B84CA0BC2572}.Release|x64.Build.0 = Release|x64
		{A184454E-24D7-477F-B0F3-B84CA0BC2572}.Release|x86.ActiveCfg = Release|Win32
		{A184454E-24D7-477F-B0F3-B84CA0BC2572}.Release|x86.Build.0 = Release|Win32
		{5936A32F-59FF-467D-AD7E-E5525AA48049}.Debug|ARM.ActiveCfg = Debug|x64
		{5936A32F-59FF-467D-AD7E-E5525AA48049}.Debug|ARM.Build.0 = Debug|x64
		{5936A32F-59FF-467D-AD7E-E5525AA48049}.Debug|ARM64.ActiveCfg = Debug|x64
		{5936A32F-59FF-467D-AD7E-E5525AA48049}.Debug|ARM64.Build.0 = Debug|x64
		{5936A32F-59FF-467D-AD7E-E5525AA48049}.Debug|x64.ActiveCfg = Debug|x64
		{5936A32F-59FF-467D-AD7E-E5525AA48049}.Debug|x64.Build.0 = Debug|x64
		{5936A32F-59FF-467D-AD7E-E5525AA48049}.Debug|x86.ActiveCfg = Debug|Win32
		{5936A32F-59FF-467D-AD7E-E5525AA48049}.Debug|x86.Build.0 = Debug|Win32
		{5936A32F-59FF-467D-AD7E-E5525AA48049}.Release|ARM.ActiveCfg = Release|x64
		{5936A32F-59FF-467D-AD7E-E5525AA48049}.Release|ARM.Build.0 = Release|x64
		{5936A32F-59FF-467D-AD7E-E5525AA48049}.Release|ARM64.ActiveCfg = Release|x64
		{5936A32F-59FF-467D-AD7E-E5525AA48049}.Release|ARM64.Build.0 = Release|x64
		{5936A32F-59FF-467D-AD7E-E5525AA48049}.Release|x64.ActiveCfg = Release|x64
		{5936A32F-59FF-467D-AD7E-E5525AA48049}.Release|x64.Build.0 = Release|x64
		{5936A32F-59FF-467D-AD7E-E5525AA48049}.Release|x86.ActiveCfg = Release|Win32
		{5936A32F-59FF-467D-AD7E-E5525AA48049}.Release|x86.Build.0 = Release|Win32
		{DB0DD229-A9FF-4D70-9A3E-EA4FA3CF4522}.Debug|ARM.ActiveCfg = Debug|x64
		{DB0DD229-A9FF-4D70-9A3E-EA4FA3CF4522}.Debug|ARM.Build.0 = Debug|x64
		{DB0DD229-A9FF-4D70-9A3E-EA4FA3CF4522}.Debug|ARM64.ActiveCfg = Debug|x64
		{DB0DD229-A9FF-4D70-9A3E-EA4FA3CF4522}.Debug|ARM64.Build.0 = Debug|x64
		{DB0DD229-A9FF-4D70-9A3E-EA4FA3CF4522}.Debug|x64.ActiveCfg = Debug|x64
		{DB0DD229-A9FF-4D70-9A3E-EA4FA3CF4522}.Debug|x64.Build.0 = Debug|x64
		{DB0DD229-A9FF-4D70-9A3E-EA4FA3CF4522}.Debug|x86.ActiveCfg = Debug|Win32
		{DB0DD229-A9FF-4D70-9A3E-EA4FA3CF4522}.Debug|x86.Build.0 = Debug|Win32
		{DB0DD229-A9FF-4D70-9A3E-EA4FA3CF4522}.Release|ARM.ActiveCfg = Release|x64
		{DB0DD229-A9FF-4D70-9A3E-EA4FA3CF4522}.Release|ARM.Build.0 = Release|x64
		{DB0DD229-A9FF-4D70-9A3E-EA4FA3CF4522}.Release|ARM64.ActiveCfg = Release|x64
		{DB0DD229-A9FF-4D70-9A3E-EA4FA3CF4522}.Release|ARM64.Build.0 = Release|x64
		{DB0DD229-A9FF-4D70-9A3E-EA4FA3CF4522}.Release|x64.ActiveCfg = Release|x64
		{DB0DD229-A9FF-4D70-9A3E-EA4FA3CF4522}.Release|x64.Build.0 = Release|x64
		{DB0DD229-A9FF-4D70-9A3E-EA4FA3CF4522}.Release|x86.ActiveCfg = Release|Win32
		{DB0DD229-A9FF-4D70-9A3E-EA4FA3CF4522}.Release|x86.Build.0 = Release|Win32
		{0DCF3CCF-8AF1-4613-B769-BB299217C66E}.Debug|ARM.ActiveCfg = Debug|x64
		{0DCF3CCF-8AF1-4613-B769-BB299217C66E}.Debug|ARM.Build.0 = Debug|x64
		{0DCF3CCF-8AF1-4613-B769-BB299217C66E}.Debug|ARM64.ActiveCfg = Debug|x64
		{0DCF3CCF-8AF1-4613-B769-BB299217C66E}.Debug|ARM64.Build.0 = Debug|x64
		{0DCF3CCF-8AF1-4613-B769-BB299217C66E}.Debug|x64.ActiveCfg = Debug|x64
		{0DCF3CCF-8AF1-4613-B769-BB299217C66E}.Debug|x64.Build.0 = Debug|x64
		{0DCF3CCF-8AF1-4613-B769-BB299217C66E}.Debug|x86.ActiveCfg = Debug|Win32
		{0DCF3CCF-8AF1-4613-B769-BB299217C66E}.Debug|x86.Build.0 = Debug|Win32
		{0DCF3CCF-8AF1-4613-B769-BB299217C66E}.Release|ARM.ActiveCfg = Release|x64
		{0DCF3CCF-8AF1-4613-B769-BB299217C66E}.Release|ARM.Build.0 = Release|x64
		{0DCF3CCF-8AF1-4613-B769-BB299217C66E}.Release|ARM64.ActiveCfg = Release|x64
		{0DCF3CCF-8AF1-4613-B769-BB299217C66E}.Release|ARM64.Build.0 = Release|x64
		{0DCF3CCF-8AF1-4613-B769-BB299217C66E}.Release|x64.ActiveCfg = Release|x64
		{0DCF3CCF-8AF1-4613-B769-BB299217C66E}.Release|x64.Build.0 = Release|x64
		{0DCF3CCF-8AF1-4613-B769-BB299217C66E}.Release|x86.ActiveCfg = Release|Win32
		{0DCF3CCF-8AF1-4613-B769-BB299217C66E}.Release|x86.Build.0 = Release|Win32
		{E092D354-B582-4702-8594-64FCFC972E19}.Debug|ARM.ActiveCfg = Debug|x64
		{E092D354-B582-4702-8594-64FCFC972E19}.Debug|ARM.Build.0 = Debug|x64
		{E092D354-B582-4702-8594-64FCFC972E19}.Debug|ARM64.ActiveCfg = Debug|x64
		{E092D354-B582-4702-8594-64FCFC972E19}.Debug|ARM64.Build.0 = Debug|x64
		{E092D354-B582-4702-8594-64FCFC972E19}.Debug|x64.ActiveCfg = Debug|x64
		{E092D354-B582-4702-8594-64FCFC972E19}.Debug|x64.Build.0 = Debug|x64
		{E092D354-B582-4702-8594-64FCFC972E19}.Debug|x86.ActiveCfg = Debug|Win32
		{E092D354-B582-4702-8594-64FCFC972E19}.Debug|x86.Build.0 = Debug|Win32
		{E092D354-B582-4702-8594-64FCFC972E19}.Release|ARM.ActiveCfg = Release|x64
		{E092D354-B582-4702-8594-64FCFC972E19}.Release|ARM.Build.0 = Release|x64
		{E092D354-B582-4702-8594-64FCFC972E19}.Release|ARM64.ActiveCfg = Release|x64
		{E092D354-B582-4702-8594-64FCFC972E19}.Release|ARM64.Build.0 = Release|x64
		{E092D354-B582-4702-8594-64FCFC972E19}.Release|x64.ActiveCfg = Release|x64
		{E092D354-B582-4702-8594-64FCFC972E19}.Release|x64.Build.0 = Release|x64
		{E092D354-B582-4702-8594-64FCFC972E19}.Release|x86.ActiveCfg = Release|Win32
		{E092D354-B582-4702-8594-64FCFC972E19}.Release|x86.Build.0 = Release|Win32
		{591FE46A-A2AC-4F11-B4A9-7573A9476AF3}.Debug|ARM.ActiveCfg = Debug|x64
		{591FE46A-A2AC-4F11-B4A9-7573A9476AF3}.Debug|ARM.Build.0 = Debug|x64
		{591FE46A-A2AC-4F11-B4A9-7573A9476AF3}.Debug|ARM64.ActiveCfg = Debug|x64
		{591FE46A-A2AC-4F11-B4A9-7573A9476AF3}.Debug|ARM64.Build.0 = Debug|x64
		{591FE46A-A2AC-4F11-B4A9-7573A9476AF3}.Debug|x64.ActiveCfg = Debug|x64
		{591FE46A-A2AC-4F11-B4A9-7573A9476AF3}.Debug|x64.Build.0 = Debug|x64
		{591FE46A-A2AC-4F11-B4A9-7573A9476AF3}.Debug|x86.ActiveCfg = Debug|Win32
		{591FE46A-A2AC-4F11-B4A9-7573A9476AF3}.Debug|x86.Build.0 = Debug|Win32
		{591FE46A-A2AC-4F11-B4A9-7573A9476AF3}.Release|ARM.ActiveCfg = Release|x64
		{591FE46A-A2AC-4F11-B4A9-7573A9476AF3}.Release|ARM.Build.0 = Release|x64
		{591FE46A-A2AC-4F11-B4A9-7573A9476AF3}.Release|ARM64.ActiveCfg = Release|x64
		{591FE46A-A2AC-4F11-B4A9-7573A9476AF3}.Release|ARM64.Build.0 = Release|x64
		{591FE46A-A2AC-4F11-B4A9-7573A9476AF3}.Release|x64.ActiveCfg = Release|x64
		{591FE46A-A2AC-4F11-B4A9-7573A9476AF3}.Release|x64.Build.0 = Release|x64
		{591FE46A-A2AC-4F11-B4A9-7573A9476AF3}.Release|x86.ActiveCfg = Release|Win32
		{591FE46A-A2AC-4F11-B4A9-7573A9476AF3}.Release|x86.Build.0 = Release|Win32
		{08500859-2B76-4AA6-934D-20A781CDA952}.Debug|ARM.ActiveCfg = Debug|x64
		{08500859-2B76-4AA6-934D-20A781CDA952}.Debug|ARM.Build.0 = Debug|x64
		{08500859-2B76-4AA6-934D-20A781CDA952}.Debug|ARM64.ActiveCfg = Debug|x64
		{08500859-2B76-4AA6-934D-20A781CDA952}.Debug|ARM64.Build.0 = Debug|x64
		{08500859-2B76-4AA6-934D-20A781CDA952}.Debug|x64.ActiveCfg = Debug|x64
		{08500859-2B76-4AA6-934D-20A781CDA952}.Debug|x64.Build.0 = Debug|x64
		{08500859-2B76-4AA6-934D-20A781CDA952}.Debug|x86.ActiveCfg = Debug|Win32
		{08500859-2B76-4AA6-934D-20A781CDA952}.Debug|x86.Build.0 = Debug|Win32
		{08500859-2B76-4AA6-934D-20A781CDA952}.Release|ARM.ActiveCfg = Release|x64
		{08500859-2B76-4AA6-934D-20A781CDA952}.Release|ARM.Build.0 = Release|x64
		{08500859-2B76-4AA6-934D-20A781CDA952}.Release|ARM64.ActiveCfg = Release|x64
		{08500859-2B76-4AA6-934D-20A781CDA952}.Release|ARM64.Build.0 = Release|x64
		{08500859-2B76-4AA6-934D-20A781CDA952}.Release|x64.ActiveCfg = Release|x64
		{08500859-2B76-4AA6-934D-20A781CDA952}.Release|x64.Build.0 = Release|x64
		{08500859-2B76-4AA6-934D-20A781CDA952}.Release|x86.ActiveCfg = Release|Win32
		{08500859-2B76-4AA6-934D-20A781CDA952}.Release|x86.Build.0 = Release|Win32
		{DCC17E2C-22F7-4813-888D-919EB73E1119}.Debug|ARM.ActiveCfg = Debug|x64
		{DCC17E2C-22F7-4813-888D-919EB73E1119}.Debug|ARM.Build.0 = Debug|x64
		{DCC17E2C-22F7-4813-888D-919EB73E1119}.Debug|ARM64.ActiveCfg = Debug|x64
		{DCC17E2C-22F7-4813-888D-919EB73E1119}.Debug|ARM64.Build.0 = Debug|x64
		{DCC17E2C-22F7-4813-888D-919EB73E1119}.Debug|x64.ActiveCfg = Debug|x64
		{DCC17E2C-22F7-4813-888D-919EB73E1119}.Debug|x64.Build.0 = Debug|x64
		{DCC17E2C-22F7-4813-888D-919EB73E1119}.Debug|x86.ActiveCfg = Debug|Win32
		{DCC17E2C-22F7-4813-888D-919EB73E1119}.Debug|x86.Build.0 = Debug|Win32
		{DCC17E2C-22F7-4813-888D-919EB73E1119}.Release|ARM.ActiveCfg = Release|x64
		{DCC17E2C-22F7-4813-888D-919EB73E1119}.Release|ARM.Build.0 = Release|x64
		{DCC17E2C-22F7-4813-888D-919EB73E1119}.Release|ARM64.ActiveCfg = Release|x64
		{DCC17E2C-22F7-4813-888D-919EB73E1119}.Release|ARM64.Build.0 = Release|x64
		{DCC17E2C-22F7-4813-888D-919EB73E1119}.Release|x64.ActiveCfg = Release|x64
		{DCC17E2C-22F7-4813-888D-919EB73E1119}.Release|x64.Build.0 = Release|x64
		{DCC17E2C-22F7-4813-888D-919EB73E1119}.Release|x86.ActiveCfg = Release|Win32
		{DCC17E2C-22F7-4813-888D-919EB73E1119}.Release|x86.Build.0 = Release|Win32
		{DB03CB89-E3F1-4455-9DF2-1310C532B829}.Debug|ARM.ActiveCfg = Debug|x64
		{DB03CB89-E3F1-4455-9DF2-1310C532B829}.Debug|ARM.Build.0 = Debug|x64
		{DB03CB89-E3F1-4455-9DF2-1310C532B829}.Debug|ARM64.ActiveCfg = Debug|x64
		{DB03CB89-E3F1-4455-9DF2-1310C532B829}.Debug|ARM64.Build.0 = Debug|x64
		{DB03CB89-E3F1-4455-9DF2-1310C532B829}.Debug|x64.ActiveCfg = Debug|x64
		{DB03CB89-E3F1-4455-9DF2-1310C532B829}.Debug|x64.Build.0 = Debug|x64
		{DB03CB89-E3F1-4455-9DF2-1310C532B829}.Debug|x86.ActiveCfg = Debug|Win32
		{DB03CB89-E3F1-4455-9DF2-1310C532B829}.Debug|x86.Build.0 = Debug|Win32
		{DB03CB89-E3F1-4455-9DF2-1310C532B829}.Release|ARM.ActiveCfg = Release|x64
		{DB03CB89-E3F1-4455-9DF2-1310C532B829}.Release|ARM.Build.0 = Release|x64
		{DB03CB89-E3F1-4455-9DF2-1310C532B829}.Release|ARM64.ActiveCfg = Release|x64
		{DB03CB89-E3F1-4455-9DF2-1310C532B829}.Release|ARM64.Build.0 = Release|x64
		{DB03CB89-E3F1-4455-9DF2-1310C532B829}.Release|x64.ActiveCfg = Release|x64
		{DB03CB89-E3F1-4455-9DF2-1310C532B829}.Release|x64.Build.0 = Release|x64
		{DB03CB89-E3F1-4455-9DF2-1310C532B829}.Release|x86.ActiveCfg = Release|Win32
		{DB03CB89-E3F1-4455-9DF2-1310C532B829}.Release|x86.Build.0 = Release|Win32
		{D3537A45-675D-4E7A-B138-5BCF43559F10}.Debug|ARM.ActiveCfg = Debug|x64
		{D3537A45-675D-4E7A-B138-5BCF43559F10}.Debug|ARM.Build.0 = Debug|x64
		{D3537A45-675D-4E7A-B138-5BCF43559F10}.Debug|ARM64.ActiveCfg = Debug|x64
		{D3537A45-675D-4E7A-B138-5BCF43559F10}.Debug|ARM64.Build.0 = Debug|x64
		{D3537A45-675D-4E7A-B138-5BCF43559F10}.Debug|x64.ActiveCfg = Debug|x64
		{D3537A45-675D-4E7A-B138-5BCF43559F10}.Debug|x64.Build.0 = Debug|x64
		{D3537A45-675D-4E7A-B138-5BCF43559F10}.Debug|x86.ActiveCfg = Debug|Win32
		{D3537A45-675D-4E7A-B138-5BCF43559F10}.Debug|x86.Build.0 = Debug|Win32
		{D3537A45-675D-4E7A-B138-5BCF43559F10}.Release|ARM.ActiveCfg = Release|x64
		{D3537A45-675D-4E7A-B138-5BCF43559F10}.Release|ARM.Build.0 = Release|x64
		{D3537A45-675D-4E7A-B138-5BCF43559F10}.Release|ARM64.ActiveCfg = Release|x64
		{D3537A45-675D-4E7A-B138-5BCF43559F10}.Release|ARM64.Build.0 = Release|x64
		{D3537A45-675D-4E7A-B138-5BCF43559F10}.Release|x64.ActiveCfg = Release|x64
		{D3537A45-675D-4E7A-B138-5BCF43559F10}.Release|x64.Build.0 = Release|x64
		{D3537A45-675D-4E7A-B138-5BCF43559F10}.Release|x86.ActiveCfg = Release|Win32
		{D3537A45-675D-4E7A-B138-5BCF43559F10}.Release|x86.Build.0 = Release|Win32
		{D44EDFF7-5FCC-430D-9ADA-1BBB84271671}.Debug|ARM.ActiveCfg = Debug|x64
		{D44EDFF7-5FCC-430D-9ADA-1BBB84271671}.Debug|ARM.Build.0 = Debug|x64
		{D44EDFF7-5FCC-430D-9ADA-1BBB84271671}.Debug|ARM64.ActiveCfg = Debug|x64
		{D44EDFF7-5FCC-430D-9ADA-1BBB84271671}.Debug|ARM64.Build.0 = Debug|x64
		{D44EDFF7-5FCC-430D-9ADA-1BBB84271671}.Debug|x64.ActiveCfg = Debug|x64
		{D44EDFF7-5FCC-430D-9ADA-1BBB84271671}.Debug|x64.Build.0 = Debug|x64
		{D44EDFF7-5FCC-430D-9ADA-1BBB84271671}.Debug|x86.ActiveCfg = Debug|Win32
		{D44EDFF7-5FCC-430D-9ADA-1BBB84271671}.Debug|x86.Build.0 = Debug|Win32
		{D44EDFF7-5FCC-430D-9ADA-1BBB84271671}.Release|ARM.ActiveCfg = Release|x64
		{D44EDFF7-5FCC-430D-9ADA-1BBB84271671}.Release|ARM.Build.0 = Release|x64
		{D44EDFF7-5FCC-430D-9ADA-1BBB84271671}.Release|ARM64.ActiveCfg = Release|x64
		{D44EDFF7-5FCC-430D-9ADA-1BBB84271671}.Release|ARM64.Build.0 = Release|x64
		{D44EDFF7-5FCC-430D-9ADA-1BBB84271671}.Release|x64.ActiveCfg = Release|x64
		{D44EDFF7-5FCC-430D-9ADA-1BBB84271671}.Release|x64.Build.0 = Release|x64
		{D44EDFF7-5FCC-430D-9ADA-1BBB84271671}.Release|x86.ActiveCfg = Release|Win32
		{D44EDFF7-5FCC-430D-9ADA-1BBB84271671}.Release|x86.Build.0 = Release|Win32
		{3E894C54-B25B-4943-B047-597E16C9A899}.Debug|ARM.ActiveCfg = Debug|x64
		{3E894C54-B25B-4943-B047-597E16C9A899}.Debug|ARM.Build.0 = Debug|x64
		{3E894C54-B25B-4943-B047-597E16C9A899}.Debug|ARM64.ActiveCfg = Debug|x64
		{3E894C54-B25B-4943-B047-597E16C9A899}.Debug|ARM64.Build.0 = Debug|x64
		{3E894C54-B25B-4943-B047-597E16C9A899}.Debug|x64.ActiveCfg = Debug|x64
		{3E894C54-B25B-4943-B047-597E16C9A899}.Debug|x64.Build.0 = Debug|x64
		{3E894C54-B25B-4943-B047-597E16C9A899}.Debug|x86.ActiveCfg = Debug|Win32
		{3E894C54-B25B-4943-B047-597E16C9A899}.Debug|x86.Build.0 = Debug|Win32
		{3E894C54-B25B-4943-B047-597E16C9A899}.Release|ARM.ActiveCfg = Release|x64
		{3E894C54-B25B-4943-B047-597E16C9A899}.Release|ARM.Build.0 = Release|x64
		{3E894C54-B25B-4943-B047-597E16C9A899}.Release|ARM64.ActiveCfg = Release|x64
		{3E894C54-B25B-4943-B047-597E16C9A899}.Release|ARM64.Build.0 = Release|x64
		{3E894C54-B25B-4943-B047-597E16C9A899}.Release|x64.ActiveCfg = Release|x64
		{3E894C54-B25B-4943-B047-597E16C9A899}.Release|x64.Build.0 = Release|x64
		{3E894C54-B25B-4943-B047-597E16C9A899}.Release|x86.ActiveCfg = Release|Win32
		{3E894C54-B25B-4943-B047-597E16C9A899}.Release|x86.Build.0 = Release|Win32
		{7437DCA8-5267-46DE-A062-4D2FF47F9F5E}.Debug|ARM.ActiveCfg = Debug|x64
		{7437DCA8-5267-46DE-A062-4D2FF47F9F5E}.Debug|ARM.Build.0 = Debug|x64
		{7437DCA8-5267-46DE-A062-4D2FF47F9F5E}.Debug|ARM64.ActiveCfg = Debug|x64
		{7437DCA8-5267-46DE-A062-4D2FF47F9F5E}.Debug|ARM64.Build.0 = Debug|x64
		{7437DCA8-5267-46DE-A062-4D2FF47F9F5E}.Debug|x64.ActiveCfg = Debug|x64
		{7437DCA8-5267-46DE-A062-4D2FF47F9F5E}.Debug|x64.Build.0 = Debug|x64
		{7437DCA8-5267-46DE-A062-4D2FF47F9F5E}.Debug|x86.ActiveCfg = Debug|Win32
		{7437DCA8-5267-46DE-A062-4D2FF47F9F5E}.Debug|x86.Build.0 = Debug|Win32
		{7437DCA8-5267-46DE-A062-4D2FF47F9F5E}.Release|ARM.ActiveCfg = Release|x64
		{7437DCA8-5267-46DE-A062-4D2FF47F9F5E}.Release|ARM.Build.0 = Release|x64
		{7437DCA8-5267-46DE-A062-4D2FF47F9F5E}.Release|ARM64.ActiveCfg = Release|x64
		{7437DCA8-5267-46DE-A062-4D2FF47F9F5E}.Release|ARM64.Build.0 = Release|x64
		{7437DCA8-5267-46DE-A062-4D2FF47F9F5E}.Release|x64.ActiveCfg = Release|x64
		{7437DCA8-5267-46DE-A062-4D2FF47F9F5E}.Release|x64.Build.0 = Release|x64
		{7437DCA8-5267-46DE-A062-4D2FF47F9F5E}.Release|x86.ActiveCfg = Release|Win32
		{7437DCA8-5267-46DE-A062-4D2FF47F9F5E}.Release|x86.Build.0 = Release|Win32
		{24A62801-8B75-42B7-B41A-C9BD0C14722A}.Debug|ARM.ActiveCfg = Debug|x64
		{24A62801-8B75-42B7-B41A-C9BD0C14722A}.Debug|ARM.Build.0 = Debug|x64
		{24A62801-8B75-42B7-B41A-C9BD0C14722A}.Debug|ARM64.ActiveCfg = Debug|x64
		{24A62801-8B75-42B7-B41A-C9BD0C14722A}.Debug|ARM64.Build.0 = Debug|x64
		{24A62801-8B75-42B7-B41A-C9BD0C14722A}.Debug|x64.ActiveCfg = Debug|x64
		{24A62801-8B75-42B7-B41A-C9BD0C14722A}.Debug|x64.Build.0 = Debug|x64
		{24A62801-8B75-42B7-B41A-C9BD0C14722A}.Debug|x86.ActiveCfg = Debug|Win32
		{24A62801-8B75-42B7-B41A-C9BD0C14722A}.Debug|x86.Build.0 = Debug|Win32
		{24A62801-8B75-42B7-B41A-C9BD0C14722A}.Release|ARM.ActiveCfg = Release|x64
		{24A62801-8B75-42B7-B41A-C9BD0C14722A}.Release|ARM.Build.0 = Release|x64
		{24A62801-8B75-42B7-B41A-C9BD0C14722A}.Release|ARM64.ActiveCfg = Release|x64
		{24A62801-8B75-42B7-B41A-C9BD0C14722A}.Release|ARM64.Build.0 = Release|x64
		{24A62801-8B75-42B7-B41A-C9BD0C14722A}.Release|x64.ActiveCfg = Release|x64
		{24A62801-8B75-42B7-B41A-C9BD0C14722A}.Release|x64.Build.0 = Release|x64
		{24A62801-8B75-42B7-B41A-C9BD0C14722A}.Release|x86.ActiveCfg = Release|Win32
		{24A62801-8B75-42B7-B41A-C9BD0C14722A}.Release|x86.Build.0 = Release|Win32
		{0E476990-58FE-44C9-ACCD-EAAE73A78074}.Debug|ARM.ActiveCfg = Debug|x64
		{0E476990-58FE-44C9-ACCD-EAAE73A78074}.Debug|ARM.Build.0 = Debug|x64
		{0E476990-58FE-44C9-ACCD-EAAE73A78074}.Debug|ARM64.ActiveCfg = Debug|x64
		{0E476990-58FE-44C9-ACCD-EAAE73A78074}.Debug|ARM64.Build.0 = Debug|x64
		{0E476990-58FE-44C9-ACCD-EAAE73A78074}.Debug|x64.ActiveCfg = Debug|x64
		{0E476990-58FE-44C9-ACCD-EAAE73A78074}.Debug|x64.Build.0 = Debug|x64
		{0E476990-58FE-44C9-ACCD-EAAE73A78074}.Debug|x86.ActiveCfg = Debug|Win32
		{0E476990-58FE-44C9-ACCD-EAAE73A78074}.Debug|x86.Build.0 = Debug|Win32
		{0E476990-58FE-44C9-ACCD-EAAE73A78074}.Release|ARM.ActiveCfg = Release|x64
		{0E476990-58FE-44C9-ACCD-EAAE73A78074}.Release|ARM.Build.0 = Release|x64
		{0E476990-58FE-44C9-ACCD-EAAE73A78074}.Release|ARM64.ActiveCfg = Release|x64
		{0E476990-58FE-44C9-ACCD-EAAE73A78074}.Release|ARM64.Build.0 = Release|x64
		{0E476990-58FE-44C9-ACCD-EAAE73A78074}.Release|x64.ActiveCfg = Release|x64
		{0E476990-58FE-44C9-ACCD-EAAE73A78074}.Release|x64.Build.0 = Release|x64
		{0E476990-58FE-44C9-ACCD-EAAE73A78074}.Release|x86.ActiveCfg = Release|Win32
		{0E476990-58FE-44C9-ACCD-EAAE73A78074}.Release|x86.Build.0 = Release|Win32
	EndGlobalSection
	GlobalSection(SolutionProperties) = preSolution
		HideSolutionNode = FALSE
	EndGlobalSection
	GlobalSection(ExtensibilityGlobals) = postSolution
		SolutionGuid = {52303270-ACDF-4EA0-9922-060ACCB8A39C}
	EndGlobalSection
EndGlobal
